
Microsoft Visual Studio Solution File, Format Version 12.00
# Visual Studio 15
VisualStudioVersion = 15.0.27428.2015
MinimumVisualStudioVersion = 10.0.40219.1
Project("{FAE04EC0-301F-11D3-BF4B-00C04F79EFBC}") = "BusStationSystem", "BusStationSystem\BusStationSystem.csproj", "{AE8E7202-30A7-470F-9DBB-B3E46A4C2FBF}"
EndProject
Project("{FAE04EC0-301F-11D3-BF4B-00C04F79EFBC}") = "BusStationSystem.DAL", "BusStationSystem.DAL\BusStationSystem.DAL.csproj", "{977CA477-920A-4C32-B7FD-77263343FA73}"
EndProject
Project("{FAE04EC0-301F-11D3-BF4B-00C04F79EFBC}") = "BusStationSystem.BLL", "BusStationSystem.BLL\BusStationSystem.BLL.csproj", "{B639BAC9-B859-43FE-B6AF-897B6FA11A49}"
EndProject
Global
	GlobalSection(SolutionConfigurationPlatforms) = preSolution
		Debug|Any CPU = Debug|Any CPU
		Release|Any CPU = Release|Any CPU
	EndGlobalSection
	GlobalSection(ProjectConfigurationPlatforms) = postSolution
		{AE8E7202-30A7-470F-9DBB-B3E46A4C2FBF}.Debug|Any CPU.ActiveCfg = Debug|Any CPU
		{AE8E7202-30A7-470F-9DBB-B3E46A4C2FBF}.Debug|Any CPU.Build.0 = Debug|Any CPU
		{AE8E7202-30A7-470F-9DBB-B3E46A4C2FBF}.Release|Any CPU.ActiveCfg = Release|Any CPU
		{AE8E7202-30A7-470F-9DBB-B3E46A4C2FBF}.Release|Any CPU.Build.0 = Release|Any CPU
		{977CA477-920A-4C32-B7FD-77263343FA73}.Debug|Any CPU.ActiveCfg = Debug|Any CPU
		{977CA477-920A-4C32-B7FD-77263343FA73}.Debug|Any CPU.Build.0 = Debug|Any CPU
		{977CA477-920A-4C32-B7FD-77263343FA73}.Release|Any CPU.ActiveCfg = Release|Any CPU
		{977CA477-920A-4C32-B7FD-77263343FA73}.Release|Any CPU.Build.0 = Release|Any CPU
		{B639BAC9-B859-43FE-B6AF-897B6FA11A49}.Debug|Any CPU.ActiveCfg = Debug|Any CPU
		{B639BAC9-B859-43FE-B6AF-897B6FA11A49}.Debug|Any CPU.Build.0 = Debug|Any CPU
		{B639BAC9-B859-43FE-B6AF-897B6FA11A49}.Release|Any CPU.ActiveCfg = Release|Any CPU
		{B639BAC9-B859-43FE-B6AF-897B6FA11A49}.Release|Any CPU.Build.0 = Release|Any CPU
	EndGlobalSection
	GlobalSection(SolutionProperties) = preSolution
		HideSolutionNode = FALSE
	EndGlobalSection
	GlobalSection(ExtensibilityGlobals) = postSolution
		SolutionGuid = {E0B14085-A856-4963-82BB-32A7FCCC577A}
	EndGlobalSection
EndGlobal
